
Microsoft Visual Studio Solution File, Format Version 12.00
# Visual Studio Version 17
VisualStudioVersion = 17.14.36202.13
MinimumVisualStudioVersion = 10.0.40219.1
Project("{FAE04EC0-301F-11D3-BF4B-00C04F79EFBC}") = "SoapService", "SoapService\SoapService.csproj", "{3A1BAC66-DA9D-4208-937F-35748428B5C6}"
EndProject
Project("{2150E333-8FDC-42A3-9474-1A3956D46DE8}") = "Solution Items", "Solution Items", "{524E00D9-1797-48F3-B456-CE36A4F9D2E3}"
	ProjectSection(SolutionItems) = preProject
		..\README.md = ..\README.md
	EndProjectSection
EndProject
Project("{FAE04EC0-301F-11D3-BF4B-00C04F79EFBC}") = "ClientForm", "ClientForm\ClientForm.csproj", "{362ED812-26CA-49F0-AB91-DDA0D778E616}"
	ProjectSection(ProjectDependencies) = postProject
		{3A1BAC66-DA9D-4208-937F-35748428B5C6} = {3A1BAC66-DA9D-4208-937F-35748428B5C6}
	EndProjectSection
EndProject
Project("{FAE04EC0-301F-11D3-BF4B-00C04F79EFBC}") = "ClientWpf", "ClientWpf\ClientWpf.csproj", "{78C3C93D-BE49-4F04-92AC-BCCA416325C2}"
EndProject
Global
	GlobalSection(SolutionConfigurationPlatforms) = preSolution
		4.5.x64|Any CPU = 4.5.x64|Any CPU
		4.5.x64|x64 = 4.5.x64|x64
		4.5.x64|x86 = 4.5.x64|x86
		4.5|Any CPU = 4.5|Any CPU
		4.5|x64 = 4.5|x64
		4.5|x86 = 4.5|x86
		Debug|Any CPU = Debug|Any CPU
		Debug|x64 = Debug|x64
		Debug|x86 = Debug|x86
		EN4.5.x64|Any CPU = EN4.5.x64|Any CPU
		EN4.5.x64|x64 = EN4.5.x64|x64
		EN4.5.x64|x86 = EN4.5.x64|x86
		EN4.5|Any CPU = EN4.5|Any CPU
		EN4.5|x64 = EN4.5|x64
		EN4.5|x86 = EN4.5|x86
		Release|Any CPU = Release|Any CPU
		Release|x64 = Release|x64
		Release|x86 = Release|x86
	EndGlobalSection
	GlobalSection(ProjectConfigurationPlatforms) = postSolution
		{3A1BAC66-DA9D-4208-937F-35748428B5C6}.4.5.x64|Any CPU.ActiveCfg = Release|Any CPU
		{3A1BAC66-DA9D-4208-937F-35748428B5C6}.4.5.x64|Any CPU.Build.0 = Release|Any CPU
		{3A1BAC66-DA9D-4208-937F-35748428B5C6}.4.5.x64|x64.ActiveCfg = Release|Any CPU
		{3A1BAC66-DA9D-4208-937F-35748428B5C6}.4.5.x64|x86.ActiveCfg = Release|Any CPU
		{3A1BAC66-DA9D-4208-937F-35748428B5C6}.4.5|Any CPU.ActiveCfg = Release|Any CPU
		{3A1BAC66-DA9D-4208-937F-35748428B5C6}.4.5|Any CPU.Build.0 = Release|Any CPU
		{3A1BAC66-DA9D-4208-937F-35748428B5C6}.4.5|x64.ActiveCfg = Release|Any CPU
		{3A1BAC66-DA9D-4208-937F-35748428B5C6}.4.5|x86.ActiveCfg = Release|Any CPU
		{3A1BAC66-DA9D-4208-937F-35748428B5C6}.Debug|Any CPU.ActiveCfg = Debug|Any CPU
		{3A1BAC66-DA9D-4208-937F-35748428B5C6}.Debug|Any CPU.Build.0 = Debug|Any CPU
		{3A1BAC66-DA9D-4208-937F-35748428B5C6}.Debug|x64.ActiveCfg = Debug|Any CPU
		{3A1BAC66-DA9D-4208-937F-35748428B5C6}.Debug|x86.ActiveCfg = Debug|Any CPU
		{3A1BAC66-DA9D-4208-937F-35748428B5C6}.EN4.5.x64|Any CPU.ActiveCfg = Release|Any CPU
		{3A1BAC66-DA9D-4208-937F-35748428B5C6}.EN4.5.x64|Any CPU.Build.0 = Release|Any CPU
		{3A1BAC66-DA9D-4208-937F-35748428B5C6}.EN4.5.x64|x64.ActiveCfg = Release|Any CPU
		{3A1BAC66-DA9D-4208-937F-35748428B5C6}.EN4.5.x64|x86.ActiveCfg = Release|Any CPU
		{3A1BAC66-DA9D-4208-937F-35748428B5C6}.EN4.5|Any CPU.ActiveCfg = Release|Any CPU
		{3A1BAC66-DA9D-4208-937F-35748428B5C6}.EN4.5|Any CPU.Build.0 = Release|Any CPU
		{3A1BAC66-DA9D-4208-937F-35748428B5C6}.EN4.5|x64.ActiveCfg = Release|Any CPU
		{3A1BAC66-DA9D-4208-937F-35748428B5C6}.EN4.5|x86.ActiveCfg = Release|Any CPU
		{3A1BAC66-DA9D-4208-937F-35748428B5C6}.Release|Any CPU.ActiveCfg = Release|Any CPU
		{3A1BAC66-DA9D-4208-937F-35748428B5C6}.Release|Any CPU.Build.0 = Release|Any CPU
		{3A1BAC66-DA9D-4208-937F-35748428B5C6}.Release|x64.ActiveCfg = Release|Any CPU
		{3A1BAC66-DA9D-4208-937F-35748428B5C6}.Release|x86.ActiveCfg = Release|Any CPU
		{362ED812-26CA-49F0-AB91-DDA0D778E616}.4.5.x64|Any CPU.ActiveCfg = Release|Any CPU
		{362ED812-26CA-49F0-AB91-DDA0D778E616}.4.5.x64|Any CPU.Build.0 = Release|Any CPU
		{362ED812-26CA-49F0-AB91-DDA0D778E616}.4.5.x64|x64.ActiveCfg = Release|Any CPU
		{362ED812-26CA-49F0-AB91-DDA0D778E616}.4.5.x64|x64.Build.0 = Release|Any CPU
		{362ED812-26CA-49F0-AB91-DDA0D778E616}.4.5.x64|x86.ActiveCfg = Release|Any CPU
		{362ED812-26CA-49F0-AB91-DDA0D778E616}.4.5.x64|x86.Build.0 = Release|Any CPU
		{362ED812-26CA-49F0-AB91-DDA0D778E616}.4.5|Any CPU.ActiveCfg = Debug|Any CPU
		{362ED812-26CA-49F0-AB91-DDA0D778E616}.4.5|Any CPU.Build.0 = Debug|Any CPU
		{362ED812-26CA-49F0-AB91-DDA0D778E616}.4.5|x64.ActiveCfg = Debug|Any CPU
		{362ED812-26CA-49F0-AB91-DDA0D778E616}.4.5|x64.Build.0 = Debug|Any CPU
		{362ED812-26CA-49F0-AB91-DDA0D778E616}.4.5|x86.ActiveCfg = Debug|Any CPU
		{362ED812-26CA-49F0-AB91-DDA0D778E616}.4.5|x86.Build.0 = Debug|Any CPU
		{362ED812-26CA-49F0-AB91-DDA0D778E616}.Debug|Any CPU.ActiveCfg = Debug|Any CPU
		{362ED812-26CA-49F0-AB91-DDA0D778E616}.Debug|Any CPU.Build.0 = Debug|Any CPU
		{362ED812-26CA-49F0-AB91-DDA0D778E616}.Debug|x64.ActiveCfg = Debug|Any CPU
		{362ED812-26CA-49F0-AB91-DDA0D778E616}.Debug|x64.Build.0 = Debug|Any CPU
		{362ED812-26CA-49F0-AB91-DDA0D778E616}.Debug|x86.ActiveCfg = Debug|Any CPU
		{362ED812-26CA-49F0-AB91-DDA0D778E616}.Debug|x86.Build.0 = Debug|Any CPU
		{362ED812-26CA-49F0-AB91-DDA0D778E616}.EN4.5.x64|Any CPU.ActiveCfg = Release|Any CPU
		{362ED812-26CA-49F0-AB91-DDA0D778E616}.EN4.5.x64|Any CPU.Build.0 = Release|Any CPU
		{362ED812-26CA-49F0-AB91-DDA0D778E616}.EN4.5.x64|x64.ActiveCfg = Release|Any CPU
		{362ED812-26CA-49F0-AB91-DDA0D778E616}.EN4.5.x64|x64.Build.0 = Release|Any CPU
		{362ED812-26CA-49F0-AB91-DDA0D778E616}.EN4.5.x64|x86.ActiveCfg = Release|Any CPU
		{362ED812-26CA-49F0-AB91-DDA0D778E616}.EN4.5.x64|x86.Build.0 = Release|Any CPU
		{362ED812-26CA-49F0-AB91-DDA0D778E616}.EN4.5|Any CPU.ActiveCfg = Debug|Any CPU
		{362ED812-26CA-49F0-AB91-DDA0D778E616}.EN4.5|Any CPU.Build.0 = Debug|Any CPU
		{362ED812-26CA-49F0-AB91-DDA0D778E616}.EN4.5|x64.ActiveCfg = Debug|Any CPU
		{362ED812-26CA-49F0-AB91-DDA0D778E616}.EN4.5|x64.Build.0 = Debug|Any CPU
		{362ED812-26CA-49F0-AB91-DDA0D778E616}.EN4.5|x86.ActiveCfg = Debug|Any CPU
		{362ED812-26CA-49F0-AB91-DDA0D778E616}.EN4.5|x86.Build.0 = Debug|Any CPU
		{362ED812-26CA-49F0-AB91-DDA0D778E616}.Release|Any CPU.ActiveCfg = Release|Any CPU
		{362ED812-26CA-49F0-AB91-DDA0D778E616}.Release|Any CPU.Build.0 = Release|Any CPU
		{362ED812-26CA-49F0-AB91-DDA0D778E616}.Release|x64.ActiveCfg = Release|Any CPU
		{362ED812-26CA-49F0-AB91-DDA0D778E616}.Release|x64.Build.0 = Release|Any CPU
		{362ED812-26CA-49F0-AB91-DDA0D778E616}.Release|x86.ActiveCfg = Release|Any CPU
		{362ED812-26CA-49F0-AB91-DDA0D778E616}.Release|x86.Build.0 = Release|Any CPU
		{78C3C93D-BE49-4F04-92AC-BCCA416325C2}.4.5.x64|Any CPU.ActiveCfg = Release|Any CPU
		{78C3C93D-BE49-4F04-92AC-BCCA416325C2}.4.5.x64|Any CPU.Build.0 = Release|Any CPU
		{78C3C93D-BE49-4F04-92AC-BCCA416325C2}.4.5.x64|x64.ActiveCfg = Release|Any CPU
		{78C3C93D-BE49-4F04-92AC-BCCA416325C2}.4.5.x64|x64.Build.0 = Release|Any CPU
		{78C3C93D-BE49-4F04-92AC-BCCA416325C2}.4.5.x64|x86.ActiveCfg = Release|Any CPU
		{78C3C93D-BE49-4F04-92AC-BCCA416325C2}.4.5.x64|x86.Build.0 = Release|Any CPU
		{78C3C93D-BE49-4F04-92AC-BCCA416325C2}.4.5|Any CPU.ActiveCfg = Debug|Any CPU
		{78C3C93D-BE49-4F04-92AC-BCCA416325C2}.4.5|Any CPU.Build.0 = Debug|Any CPU
		{78C3C93D-BE49-4F04-92AC-BCCA416325C2}.4.5|x64.ActiveCfg = Debug|Any CPU
		{78C3C93D-BE49-4F04-92AC-BCCA416325C2}.4.5|x64.Build.0 = Debug|Any CPU
		{78C3C93D-BE49-4F04-92AC-BCCA416325C2}.4.5|x86.ActiveCfg = Debug|Any CPU
		{78C3C93D-BE49-4F04-92AC-BCCA416325C2}.4.5|x86.Build.0 = Debug|Any CPU
		{78C3C93D-BE49-4F04-92AC-BCCA416325C2}.Debug|Any CPU.ActiveCfg = Debug|Any CPU
		{78C3C93D-BE49-4F04-92AC-BCCA416325C2}.Debug|Any CPU.Build.0 = Debug|Any CPU
		{78C3C93D-BE49-4F04-92AC-BCCA416325C2}.Debug|x64.ActiveCfg = Debug|Any CPU
		{78C3C93D-BE49-4F04-92AC-BCCA416325C2}.Debug|x64.Build.0 = Debug|Any CPU
		{78C3C93D-BE49-4F04-92AC-BCCA416325C2}.Debug|x86.ActiveCfg = Debug|Any CPU
		{78C3C93D-BE49-4F04-92AC-BCCA416325C2}.Debug|x86.Build.0 = Debug|Any CPU
		{78C3C93D-BE49-4F04-92AC-BCCA416325C2}.EN4.5.x64|Any CPU.ActiveCfg = Release|Any CPU
		{78C3C93D-BE49-4F04-92AC-BCCA416325C2}.EN4.5.x64|Any CPU.Build.0 = Release|Any CPU
		{78C3C93D-BE49-4F04-92AC-BCCA416325C2}.EN4.5.x64|x64.ActiveCfg = Release|Any CPU
		{78C3C93D-BE49-4F04-92AC-BCCA416325C2}.EN4.5.x64|x64.Build.0 = Release|Any CPU
		{78C3C93D-BE49-4F04-92AC-BCCA416325C2}.EN4.5.x64|x86.ActiveCfg = Release|Any CPU
		{78C3C93D-BE49-4F04-92AC-BCCA416325C2}.EN4.5.x64|x86.Build.0 = Release|Any CPU
		{78C3C93D-BE49-4F04-92AC-BCCA416325C2}.EN4.5|Any CPU.ActiveCfg = Debug|Any CPU
		{78C3C93D-BE49-4F04-92AC-BCCA416325C2}.EN4.5|Any CPU.Build.0 = Debug|Any CPU
		{78C3C93D-BE49-4F04-92AC-BCCA416325C2}.EN4.5|x64.ActiveCfg = Debug|Any CPU
		{78C3C93D-BE49-4F04-92AC-BCCA416325C2}.EN4.5|x64.Build.0 = Debug|Any CPU
		{78C3C93D-BE49-4F04-92AC-BCCA416325C2}.EN4.5|x86.ActiveCfg = Debug|Any CPU
		{78C3C93D-BE49-4F04-92AC-BCCA416325C2}.EN4.5|x86.Build.0 = Debug|Any CPU
		{78C3C93D-BE49-4F04-92AC-BCCA416325C2}.Release|Any CPU.ActiveCfg = Release|Any CPU
		{78C3C93D-BE49-4F04-92AC-BCCA416325C2}.Release|Any CPU.Build.0 = Release|Any CPU
		{78C3C93D-BE49-4F04-92AC-BCCA416325C2}.Release|x64.ActiveCfg = Release|Any CPU
		{78C3C93D-BE49-4F04-92AC-BCCA416325C2}.Release|x64.Build.0 = Release|Any CPU
		{78C3C93D-BE49-4F04-92AC-BCCA416325C2}.Release|x86.ActiveCfg = Release|Any CPU
		{78C3C93D-BE49-4F04-92AC-BCCA416325C2}.Release|x86.Build.0 = Release|Any CPU
	EndGlobalSection
	GlobalSection(SolutionProperties) = preSolution
		HideSolutionNode = FALSE
	EndGlobalSection
	GlobalSection(ExtensibilityGlobals) = postSolution
		SolutionGuid = {9B58C89F-89B0-4563-8272-96A49F863480}
	EndGlobalSection
EndGlobal
