
Microsoft Visual Studio Solution File, Format Version 12.00
# Visual Studio Version 18
VisualStudioVersion = 18.4.11519.219 insiders
MinimumVisualStudioVersion = 10.0.40219.1
Project("{FAE04EC0-301F-11D3-BF4B-00C04F79EFBC}") = "SvgPreview", "SvgPreview.csproj", "{B8E3A2F1-7C4D-4E5A-9B6F-1A2C3D4E5F60}"
EndProject
Project("{2150E333-8FDC-42A3-9474-1A3956D46DE8}") = "ソリューション項目", "ソリューション項目", "{227ECB11-0730-46BF-8C62-602CC97AD0CE}"
	ProjectSection(SolutionItems) = preProject
		..\README.md = ..\README.md
	EndProjectSection
EndProject
Global
	GlobalSection(SolutionConfigurationPlatforms) = preSolution
		Debug|Any CPU = Debug|Any CPU
		Release|Any CPU = Release|Any CPU
	EndGlobalSection
	GlobalSection(ProjectConfigurationPlatforms) = postSolution
		{B8E3A2F1-7C4D-4E5A-9B6F-1A2C3D4E5F60}.Debug|Any CPU.ActiveCfg = Debug|Any CPU
		{B8E3A2F1-7C4D-4E5A-9B6F-1A2C3D4E5F60}.Debug|Any CPU.Build.0 = Debug|Any CPU
		{B8E3A2F1-7C4D-4E5A-9B6F-1A2C3D4E5F60}.Release|Any CPU.ActiveCfg = Release|Any CPU
		{B8E3A2F1-7C4D-4E5A-9B6F-1A2C3D4E5F60}.Release|Any CPU.Build.0 = Release|Any CPU
	EndGlobalSection
	GlobalSection(SolutionProperties) = preSolution
		HideSolutionNode = FALSE
	EndGlobalSection
	GlobalSection(ExtensibilityGlobals) = postSolution
		SolutionGuid = {D5329839-7AAA-4E54-818D-EFC64E3691DF}
	EndGlobalSection
EndGlobal
